
Microsoft Visual Studio Solution File, Format Version 12.00
# Visual Studio Version 17
VisualStudioVersion = 17.3.32505.426
MinimumVisualStudioVersion = 10.0.40219.1
Project("{FAE04EC0-301F-11D3-BF4B-00C04F79EFBC}") = "MauiArcgisTest", "MauiArcgisTest.csproj", "{D72C7B13-9291-4D5D-91CC-A294C63E5945}"
EndProject
Global
	GlobalSection(SolutionConfigurationPlatforms) = preSolution
		Debug|Any CPU = Debug|Any CPU
		Release|Any CPU = Release|Any CPU
	EndGlobalSection
	GlobalSection(ProjectConfigurationPlatforms) = postSolution
		{D72C7B13-9291-4D5D-91CC-A294C63E5945}.Debug|Any CPU.ActiveCfg = Debug|Any CPU
		{D72C7B13-9291-4D5D-91CC-A294C63E5945}.Debug|Any CPU.Build.0 = Debug|Any CPU
		{D72C7B13-9291-4D5D-91CC-A294C63E5945}.Debug|Any CPU.Deploy.0 = Debug|Any CPU
		{D72C7B13-9291-4D5D-91CC-A294C63E5945}.Release|Any CPU.ActiveCfg = Release|Any CPU
		{D72C7B13-9291-4D5D-91CC-A294C63E5945}.Release|Any CPU.Build.0 = Release|Any CPU
		{D72C7B13-9291-4D5D-91CC-A294C63E5945}.Release|Any CPU.Deploy.0 = Release|Any CPU
	EndGlobalSection
	GlobalSection(SolutionProperties) = preSolution
		HideSolutionNode = FALSE
	EndGlobalSection
	GlobalSection(ExtensibilityGlobals) = postSolution
		SolutionGuid = {FF437038-13FD-4167-9F0A-0662FF6DB4E1}
	EndGlobalSection
EndGlobal
